{
   "name": "Generic",
   "version": "0.0.1",
   "lockfileVersion": 1,
   "requires": true,
   "dependencies": {
      "JSONStream": {
         "version": "1.3.5",
         "resolved": "https://registry.npmjs.org/JSONStream/-/JSONStream-1.3.5.tgz",
         "integrity": "sha512-E+iruNOY8VV9s4JEbe1aNEm6MiszPRr/UfcHMz0TQh1BXSxHK+ASV1R6W4HpjBhSeS+54PIsAMCBmwD06LLsqQ==",
         "dev": true,
         "requires": {
            "jsonparse": "^1.2.0",
            "through": ">=2.2.7 <3"
         }
      },
      "abbrev": {
         "version": "1.1.1",
         "resolved": "https://registry.npmjs.org/abbrev/-/abbrev-1.1.1.tgz",
         "integrity": "sha512-nne9/IiQ/hzIhY6pdDnbBtz7DjPTKrY00P/zvPSm5pOFkl6xuGrGnXn/VtTNNfNtAfZ9/1RtehkszU9qcTii0Q==",
         "dev": true
      },
      "acorn": {
         "version": "7.4.1",
         "resolved": "https://registry.npmjs.org/acorn/-/acorn-7.4.1.tgz",
         "integrity": "sha512-nQyp0o1/mNdbTO1PO6kHkwSrmgZ0MT/jCCpNiwbUjGoRN4dlBhqJtoQuCnEOKzgTVwg0ZWiCoQy6SxMebQVh8A==",
         "dev": true
      },
      "acorn-node": {
         "version": "1.8.2",
         "resolved": "https://registry.npmjs.org/acorn-node/-/acorn-node-1.8.2.tgz",
         "integrity": "sha512-8mt+fslDufLYntIoPAaIMUe/lrbrehIiwmR3t2k9LljIzoigEPF27eLk2hy8zSGzmR/ogr7zbRKINMo1u0yh5A==",
         "dev": true,
         "requires": {
            "acorn": "^7.0.0",
            "acorn-walk": "^7.0.0",
            "xtend": "^4.0.2"
         }
      },
      "acorn-walk": {
         "version": "7.2.0",
         "resolved": "https://registry.npmjs.org/acorn-walk/-/acorn-walk-7.2.0.tgz",
         "integrity": "sha512-OPdCF6GsMIP+Az+aWfAAOEt2/+iVDKE7oy6lJ098aoe59oAmK76qV6Gw60SbZ8jHuG2wH058GF4pLFbYamYrVA==",
         "dev": true
      },
      "ansi-styles": {
         "version": "4.3.0",
         "resolved": "https://registry.npmjs.org/ansi-styles/-/ansi-styles-4.3.0.tgz",
         "integrity": "sha512-zbB9rCJAT1rbjiVDb2hqKFHNYLxgtk8NURxZ3IZwD3F6NtxbXZQCnnSi1Lkx+IDohdPlFp222wVALIheZJQSEg==",
         "dev": true,
         "requires": {
            "color-convert": "^2.0.1"
         }
      },
      "argparse": {
         "version": "0.1.16",
         "resolved": "https://registry.npmjs.org/argparse/-/argparse-0.1.16.tgz",
         "integrity": "sha512-LjmC2dNpdn2L4UzyoaIr11ELYoLn37ZFy9zObrQFHsSuOepeUEMKnM8w5KL4Tnrp2gy88rRuQt6Ky8Bjml+Baw==",
         "dev": true,
         "requires": {
            "underscore": "~1.7.0",
            "underscore.string": "~2.4.0"
         },
         "dependencies": {
            "underscore.string": {
               "version": "2.4.0",
               "resolved": "https://registry.npmjs.org/underscore.string/-/underscore.string-2.4.0.tgz",
               "integrity": "sha512-yxkabuCaIBnzfIvX3kBxQqCs0ar/bfJwDnFEHJUm/ZrRVhT3IItdRF5cZjARLzEnyQYtIUhsZ2LG2j3HidFOFQ==",
               "dev": true
            }
         }
      },
      "array-uniq": {
         "version": "1.0.3",
         "resolved": "https://registry.npmjs.org/array-uniq/-/array-uniq-1.0.3.tgz",
         "integrity": "sha512-MNha4BWQ6JbwhFhj03YK552f7cb3AzoE8SzeljgChvL1dl3IcvggXVz1DilzySZkCja+CXuZbdW7yATchWn8/Q==",
         "dev": true
      },
      "async": {
         "version": "0.1.22",
         "resolved": "https://registry.npmjs.org/async/-/async-0.1.22.tgz",
         "integrity": "sha512-2tEzliJmf5fHNafNwQLJXUasGzQCVctvsNkXmnlELHwypU0p08/rHohYvkqKIjyXpx+0rkrYv6QbhJ+UF4QkBg==",
         "dev": true
      },
      "balanced-match": {
         "version": "1.0.2",
         "resolved": "https://registry.npmjs.org/balanced-match/-/balanced-match-1.0.2.tgz",
         "integrity": "sha512-3oSeUO0TMV67hN1AmbXsK4yaqU7tjiHlbxRDZOpH0KW9+CeX4bRAaX0Anxt0tx2MrpRpWwQaPwIlISEJhYU5Pw==",
         "dev": true
      },
      "brace-expansion": {
         "version": "1.1.11",
         "resolved": "https://registry.npmjs.org/brace-expansion/-/brace-expansion-1.1.11.tgz",
         "integrity": "sha512-iCuPHDFgrHX7H2vEI/5xpz07zSHB00TpugqhmYtVmMO6518mCuRMoOYFldEBl0g187ufozdaHgWKcYFb61qGiA==",
         "dev": true,
         "requires": {
            "balanced-match": "^1.0.0",
            "concat-map": "0.0.1"
         }
      },
      "browser-pack": {
         "version": "6.1.0",
         "resolved": "https://registry.npmjs.org/browser-pack/-/browser-pack-6.1.0.tgz",
         "integrity": "sha512-erYug8XoqzU3IfcU8fUgyHqyOXqIE4tUTTQ+7mqUjQlvnXkOO6OlT9c/ZoJVHYoAaqGxr09CN53G7XIsO4KtWA==",
         "dev": true,
         "requires": {
            "JSONStream": "^1.0.3",
            "combine-source-map": "~0.8.0",
            "defined": "^1.0.0",
            "safe-buffer": "^5.1.1",
            "through2": "^2.0.0",
            "umd": "^3.0.0"
         }
      },
      "browser-unpack": {
         "version": "1.4.2",
         "resolved": "https://registry.npmjs.org/browser-unpack/-/browser-unpack-1.4.2.tgz",
         "integrity": "sha512-uHkiY4bmXjjBBWoKH1aRnEGTQxUUCCcVtoJfH9w1lmGGjETY4u93Zk+GRYkCE/SRMrdoMTINQ/1/manr/3aMVA==",
         "dev": true,
         "requires": {
            "acorn-node": "^1.5.2",
            "concat-stream": "^1.5.0",
            "minimist": "^1.1.1"
         }
      },
      "buffer-from": {
         "version": "1.1.2",
         "resolved": "https://registry.npmjs.org/buffer-from/-/buffer-from-1.1.2.tgz",
         "integrity": "sha512-E+XQCRwSbaaiChtv6k6Dwgc+bx+Bs6vuKJHHl5kox/BaKbhiXzqQOwK4cO22yElGp2OCmjwVhT3HmxgyPGnJfQ==",
         "dev": true
      },
      "bundle-collapser": {
         "version": "1.4.0",
         "resolved": "https://registry.npmjs.org/bundle-collapser/-/bundle-collapser-1.4.0.tgz",
         "integrity": "sha512-Gd3K3+3KI1Utuk+gwAvuOVOjT/2XLGL8tU6FwDKk04LlOZkYfT0pwQllsG1Dv8RRhgcjNxZSDmmSXb0AOkwSwg==",
         "dev": true,
         "requires": {
            "browser-pack": "^6.0.2",
            "browser-unpack": "^1.1.0",
            "concat-stream": "^1.5.0",
            "falafel": "^2.1.0",
            "minimist": "^1.1.1",
            "through2": "^2.0.0"
         }
      },
      "chalk": {
         "version": "4.1.2",
         "resolved": "https://registry.npmjs.org/chalk/-/chalk-4.1.2.tgz",
         "integrity": "sha512-oKnbhFyRIXpUuez8iBMmyEa4nbj4IOQyuhc/wy9kY7/WVPcwIO9VA668Pu8RkO7+0G76SLROeyw9CpQ061i4mA==",
         "dev": true,
         "requires": {
            "ansi-styles": "^4.1.0",
            "supports-color": "^7.1.0"
         }
      },
      "coffee-script": {
         "version": "1.3.3",
         "resolved": "https://registry.npmjs.org/coffee-script/-/coffee-script-1.3.3.tgz",
         "integrity": "sha512-QjQ1T4BqyHv19k6XSfdhy/QLlIOhywz0ekBUCa9h71zYMJlfDTGan/Z1JXzYkZ6v8R+GhvL/p4FZPbPW8WNXlg==",
         "dev": true
      },
      "color-convert": {
         "version": "2.0.1",
         "resolved": "https://registry.npmjs.org/color-convert/-/color-convert-2.0.1.tgz",
         "integrity": "sha512-RRECPsj7iu/xb5oKYcsFHSppFNnsj/52OVTRKb4zP5onXwVF3zVmmToNcOfGC+CRDpfK/U584fMg38ZHCaElKQ==",
         "dev": true,
         "requires": {
            "color-name": "~1.1.4"
         }
      },
      "color-name": {
         "version": "1.1.4",
         "resolved": "https://registry.npmjs.org/color-name/-/color-name-1.1.4.tgz",
         "integrity": "sha512-dOy+3AuW3a2wNbZHIuMZpTcgjGuLU/uBL/ubcZF9OXbDo8ff4O8yVp5Bf0efS8uEoYo5q4Fx7dY9OgQGXgAsQA==",
         "dev": true
      },
      "colors": {
         "version": "0.6.2",
         "resolved": "https://registry.npmjs.org/colors/-/colors-0.6.2.tgz",
         "integrity": "sha512-OsSVtHK8Ir8r3+Fxw/b4jS1ZLPXkV6ZxDRJQzeD7qo0SqMXWrHDM71DgYzPMHY8SFJ0Ao+nNU2p1MmwdzKqPrw==",
         "dev": true
      },
      "combine-source-map": {
         "version": "0.8.0",
         "resolved": "https://registry.npmjs.org/combine-source-map/-/combine-source-map-0.8.0.tgz",
         "integrity": "sha512-UlxQ9Vw0b/Bt/KYwCFqdEwsQ1eL8d1gibiFb7lxQJFdvTgc2hIZi6ugsg+kyhzhPV+QEpUiEIwInIAIrgoEkrg==",
         "dev": true,
         "requires": {
            "convert-source-map": "~1.1.0",
            "inline-source-map": "~0.6.0",
            "lodash.memoize": "~3.0.3",
            "source-map": "~0.5.3"
         }
      },
      "concat-map": {
         "version": "0.0.1",
         "resolved": "https://registry.npmjs.org/concat-map/-/concat-map-0.0.1.tgz",
         "integrity": "sha512-/Srv4dswyQNBfohGpz9o6Yb3Gz3SrUDqBH5rTuhGR7ahtlbYKnVxw2bCFMRljaA7EXHaXZ8wsHdodFvbkhKmqg==",
         "dev": true
      },
      "concat-stream": {
         "version": "1.6.2",
         "resolved": "https://registry.npmjs.org/concat-stream/-/concat-stream-1.6.2.tgz",
         "integrity": "sha512-27HBghJxjiZtIk3Ycvn/4kbJk/1uZuJFfuPEns6LaEvpvG1f0hTea8lilrouyo9mVc2GWdcEZ8OLoGmSADlrCw==",
         "dev": true,
         "requires": {
            "buffer-from": "^1.0.0",
            "inherits": "^2.0.3",
            "readable-stream": "^2.2.2",
            "typedarray": "^0.0.6"
         }
      },
      "convert-source-map": {
         "version": "1.1.3",
         "resolved": "https://registry.npmjs.org/convert-source-map/-/convert-source-map-1.1.3.tgz",
         "integrity": "sha512-Y8L5rp6jo+g9VEPgvqNfEopjTR4OTYct8lXlS8iVQdmnjDvbdbzYe9rjtFCB9egC86JoNCU61WRY+ScjkZpnIg==",
         "dev": true
      },
      "core-util-is": {
         "version": "1.0.3",
         "resolved": "https://registry.npmjs.org/core-util-is/-/core-util-is-1.0.3.tgz",
         "integrity": "sha512-ZQBvi1DcpJ4GDqanjucZ2Hj3wEO5pZDS89BWbkcrvdxksJorwUDDZamX9ldFkp9aw2lmBDLgkObEA4DWNJ9FYQ==",
         "dev": true
      },
      "dateformat": {
         "version": "1.0.2-1.2.3",
         "resolved": "https://registry.npmjs.org/dateformat/-/dateformat-1.0.2-1.2.3.tgz",
         "integrity": "sha512-AXvW8g7tO4ilk5HgOWeDmPi/ZPaCnMJ+9Cg1I3p19w6mcvAAXBuuGEXAxybC+Djj1PSZUiHUcyoYu7WneCX8gQ==",
         "dev": true
      },
      "debug": {
         "version": "0.7.4",
         "resolved": "https://registry.npmjs.org/debug/-/debug-0.7.4.tgz",
         "integrity": "sha512-EohAb3+DSHSGx8carOSKJe8G0ayV5/i609OD0J2orCkuyae7SyZSz2aoLmQF2s0Pj5gITDebwPH7GFBlqOUQ1Q==",
         "dev": true
      },
      "defined": {
         "version": "1.0.1",
         "resolved": "https://registry.npmjs.org/defined/-/defined-1.0.1.tgz",
         "integrity": "sha512-hsBd2qSVCRE+5PmNdHt1uzyrFu5d3RwmFDKzyNZMFq/EwDNJF7Ee5+D5oEKF0hU6LhtoUF1macFvOe4AskQC1Q==",
         "dev": true
      },
      "duplexer": {
         "version": "0.1.2",
         "resolved": "https://registry.npmjs.org/duplexer/-/duplexer-0.1.2.tgz",
         "integrity": "sha512-jtD6YG370ZCIi/9GTaJKQxWTZD045+4R4hTk/x1UyoqadyJ9x9CgSi1RlVDQF8U2sxLLSnFkCaMihqljHIWgMg==",
         "dev": true
      },
      "escape-string-regexp": {
         "version": "1.0.5",
         "resolved": "https://registry.npmjs.org/escape-string-regexp/-/escape-string-regexp-1.0.5.tgz",
         "integrity": "sha512-vbRorB5FUQWvla16U8R/qgaFIya2qGzwDrNmCZuYKrbdSUMG6I1ZCGQRefkRVhuOkIGVne7BQ35DSfo1qvJqFg==",
         "dev": true
      },
      "esprima": {
         "version": "1.0.4",
         "resolved": "https://registry.npmjs.org/esprima/-/esprima-1.0.4.tgz",
         "integrity": "sha512-rp5dMKN8zEs9dfi9g0X1ClLmV//WRyk/R15mppFNICIFRG5P92VP7Z04p8pk++gABo9W2tY+kHyu6P1mEHgmTA==",
         "dev": true
      },
      "eventemitter2": {
         "version": "0.4.14",
         "resolved": "https://registry.npmjs.org/eventemitter2/-/eventemitter2-0.4.14.tgz",
         "integrity": "sha512-K7J4xq5xAD5jHsGM5ReWXRTFa3JRGofHiMcVgQ8PRwgWxzjHpMWCIzsmyf60+mh8KLsqYPcjUMa0AC4hd6lPyQ==",
         "dev": true
      },
      "exit": {
         "version": "0.1.2",
         "resolved": "https://registry.npmjs.org/exit/-/exit-0.1.2.tgz",
         "integrity": "sha512-Zk/eNKV2zbjpKzrsQ+n1G6poVbErQxJ0LBOJXaKZ1EViLzH+hrLu9cdXI4zw9dBQJslwBEpbQ2P1oS7nDxs6jQ==",
         "dev": true
      },
      "falafel": {
         "version": "2.2.5",
         "resolved": "https://registry.npmjs.org/falafel/-/falafel-2.2.5.tgz",
         "integrity": "sha512-HuC1qF9iTnHDnML9YZAdCDQwT0yKl/U55K4XSUXqGAA2GLoafFgWRqdAbhWJxXaYD4pyoVxAJ8wH670jMpI9DQ==",
         "dev": true,
         "requires": {
            "acorn": "^7.1.1",
            "isarray": "^2.0.1"
         },
         "dependencies": {
            "isarray": {
               "version": "2.0.5",
               "resolved": "https://registry.npmjs.org/isarray/-/isarray-2.0.5.tgz",
               "integrity": "sha512-xHjhDr3cNBK0BzdUJSPXZntQUx/mwMS5Rw4A7lPJ90XGAO6ISP/ePDNuo0vhqOZU+UD5JoodwCAAoZQd3FeAKw==",
               "dev": true
            }
         }
      },
      "faye-websocket": {
         "version": "0.4.4",
         "resolved": "https://registry.npmjs.org/faye-websocket/-/faye-websocket-0.4.4.tgz",
         "integrity": "sha512-78pqrJbvGZSe8i+PLsPd+aJqTyGqgyWLnMw5NOwtXCTVMzEFh1zQPwIuIL/ycTj4rkDy5zZ9B6frYPqVPJBzyQ==",
         "dev": true
      },
      "figures": {
         "version": "3.2.0",
         "resolved": "https://registry.npmjs.org/figures/-/figures-3.2.0.tgz",
         "integrity": "sha512-yaduQFRKLXYOGgEn6AZau90j3ggSOyiqXU0F9JZfeXYhNa+Jk4X+s45A2zg5jns87GAFa34BBm2kXw4XpNcbdg==",
         "dev": true,
         "requires": {
            "escape-string-regexp": "^1.0.5"
         }
      },
      "findup-sync": {
         "version": "0.1.3",
         "resolved": "https://registry.npmjs.org/findup-sync/-/findup-sync-0.1.3.tgz",
         "integrity": "sha512-yjftfYnF4ThYEvKEV/kEFR15dmtyXTAh3vQnzpJUoc7Naj5y1P0Ck7Zs1+Vroa00E3KT3IYsk756S+8WA5dNLw==",
         "dev": true,
         "requires": {
            "glob": "~3.2.9",
            "lodash": "~2.4.1"
         },
         "dependencies": {
            "glob": {
               "version": "3.2.11",
               "resolved": "https://registry.npmjs.org/glob/-/glob-3.2.11.tgz",
               "integrity": "sha512-hVb0zwEZwC1FXSKRPFTeOtN7AArJcJlI6ULGLtrstaswKNlrTJqAA+1lYlSUop4vjA423xlBzqfVS3iWGlqJ+g==",
               "dev": true,
               "requires": {
                  "inherits": "2",
                  "minimatch": "0.3"
               }
            },
            "lodash": {
               "version": "2.4.2",
               "resolved": "https://registry.npmjs.org/lodash/-/lodash-2.4.2.tgz",
               "integrity": "sha512-Kak1hi6/hYHGVPmdyiZijoQyz5x2iGVzs6w9GYB/HiXEtylY7tIoYEROMjvM1d9nXJqPOrG2MNPMn01bJ+S0Rw==",
               "dev": true
            },
            "minimatch": {
               "version": "0.3.0",
               "resolved": "https://registry.npmjs.org/minimatch/-/minimatch-0.3.0.tgz",
               "integrity": "sha512-WFX1jI1AaxNTZVOHLBVazwTWKaQjoykSzCBNXB72vDTCzopQGtyP91tKdFK5cv1+qMwPyiTu1HqUriqplI8pcA==",
               "dev": true,
               "requires": {
                  "lru-cache": "2",
                  "sigmund": "~1.0.0"
               }
            }
         }
      },
      "gaze": {
         "version": "0.5.2",
         "resolved": "https://registry.npmjs.org/gaze/-/gaze-0.5.2.tgz",
         "integrity": "sha512-3IWbXGkDDHFX8zIlNdfnmhvlSMhpBO6tDr4InB8fGku6dh/gjFPGNqcdsXJajZg05x9jRzXbL6gCnCnuMap4tw==",
         "dev": true,
         "requires": {
            "globule": "~0.1.0"
         }
      },
      "getobject": {
         "version": "0.1.0",
         "resolved": "https://registry.npmjs.org/getobject/-/getobject-0.1.0.tgz",
         "integrity": "sha512-hIGEBfnHcZpWkXPsAVeVmpYDvfy/matVl03yOY91FPmnpCC12Lm5izNxCjO3lHAeO6uaTwMxu7g450Siknlhig==",
         "dev": true
      },
      "glob": {
         "version": "3.1.21",
         "resolved": "https://registry.npmjs.org/glob/-/glob-3.1.21.tgz",
         "integrity": "sha512-ANhy2V2+tFpRajE3wN4DhkNQ08KDr0Ir1qL12/cUe5+a7STEK8jkW4onUYuY8/06qAFuT5je7mjAqzx0eKI2tQ==",
         "dev": true,
         "requires": {
            "graceful-fs": "~1.2.0",
            "inherits": "1",
            "minimatch": "~0.2.11"
         },
         "dependencies": {
            "inherits": {
               "version": "1.0.2",
               "resolved": "https://registry.npmjs.org/inherits/-/inherits-1.0.2.tgz",
               "integrity": "sha512-Al67oatbRSo3RV5hRqIoln6Y5yMVbJSIn4jEJNL7VCImzq/kLr7vvb6sFRJXqr8rpHc/2kJOM+y0sPKN47VdzA==",
               "dev": true
            }
         }
      },
      "globule": {
         "version": "0.1.0",
         "resolved": "https://registry.npmjs.org/globule/-/globule-0.1.0.tgz",
         "integrity": "sha512-3eIcA2OjPCm4VvwIwZPzIxCVssA8HSpM2C6c6kK5ufJH4FGwWoyqL3In19uuX4oe+TwH3w2P1nQDmW56iehO4A==",
         "dev": true,
         "requires": {
            "glob": "~3.1.21",
            "lodash": "~1.0.1",
            "minimatch": "~0.2.11"
         },
         "dependencies": {
            "lodash": {
               "version": "1.0.2",
               "resolved": "https://registry.npmjs.org/lodash/-/lodash-1.0.2.tgz",
               "integrity": "sha512-0VSEDVec/Me2eATuoiQd8IjyBMMX0fahob8YJ96V1go2RjvCk1m1GxmtfXn8RNSaLaTtop7fsuhhu9oLk3hUgA==",
               "dev": true
            }
         }
      },
      "graceful-fs": {
         "version": "1.2.3",
         "resolved": "https://registry.npmjs.org/graceful-fs/-/graceful-fs-1.2.3.tgz",
         "integrity": "sha512-iiTUZ5vZ+2ZV+h71XAgwCSu6+NAizhFU3Yw8aC/hH5SQ3SnISqEqAek40imAFGtDcwJKNhXvSY+hzIolnLwcdQ==",
         "dev": true
      },
      "grunt": {
         "version": "0.4.5",
         "resolved": "https://registry.npmjs.org/grunt/-/grunt-0.4.5.tgz",
         "integrity": "sha512-1iq3ylLjzXqz/KSq1OAE2qhnpcbkF2WyhsQcavZt+YmgvHu0EbPMEhGhy2gr0FP67isHpRdfwjB5WVeXXcJemQ==",
         "dev": true,
         "requires": {
            "async": "~0.1.22",
            "coffee-script": "~1.3.3",
            "colors": "~0.6.2",
            "dateformat": "1.0.2-1.2.3",
            "eventemitter2": "~0.4.13",
            "exit": "~0.1.1",
            "findup-sync": "~0.1.2",
            "getobject": "~0.1.0",
            "glob": "~3.1.21",
            "grunt-legacy-log": "~0.1.0",
            "grunt-legacy-util": "~0.2.0",
            "hooker": "~0.2.3",
            "iconv-lite": "~0.2.11",
            "js-yaml": "~2.0.5",
            "lodash": "~0.9.2",
            "minimatch": "~0.2.12",
            "nopt": "~1.0.10",
            "rimraf": "~2.2.8",
            "underscore.string": "~2.2.1",
            "which": "~1.0.5"
         }
      },
      "grunt-contrib-uglify": {
         "version": "5.2.2",
         "resolved": "https://registry.npmjs.org/grunt-contrib-uglify/-/grunt-contrib-uglify-5.2.2.tgz",
         "integrity": "sha512-ITxiWxrjjP+RZu/aJ5GLvdele+sxlznh+6fK9Qckio5ma8f7Iv8woZjRkGfafvpuygxNefOJNc+hfjjBayRn2Q==",
         "dev": true,
         "requires": {
            "chalk": "^4.1.2",
            "maxmin": "^3.0.0",
            "uglify-js": "^3.16.1",
            "uri-path": "^1.0.0"
         }
      },
      "grunt-contrib-watch": {
         "version": "0.6.1",
         "resolved": "https://registry.npmjs.org/grunt-contrib-watch/-/grunt-contrib-watch-0.6.1.tgz",
         "integrity": "sha512-Ea4f3anehA6G+S88vyTwewA/Mf6SbadTIxSgQClKbZYnHOcJ0PrGc2p+uzR6hS9gp7DG6ObvaxkmE8HKnLOsfA==",
         "dev": true,
         "requires": {
            "async": "~0.2.9",
            "gaze": "~0.5.1",
            "lodash": "~2.4.1",
            "tiny-lr-fork": "0.0.5"
         },
         "dependencies": {
            "async": {
               "version": "0.2.10",
               "resolved": "https://registry.npmjs.org/async/-/async-0.2.10.tgz",
               "integrity": "sha512-eAkdoKxU6/LkKDBzLpT+t6Ff5EtfSF4wx1WfJiPEEV7WNLnDaRXk0oVysiEPm262roaachGexwUv94WhSgN5TQ==",
               "dev": true
            },
            "lodash": {
               "version": "2.4.2",
               "resolved": "https://registry.npmjs.org/lodash/-/lodash-2.4.2.tgz",
               "integrity": "sha512-Kak1hi6/hYHGVPmdyiZijoQyz5x2iGVzs6w9GYB/HiXEtylY7tIoYEROMjvM1d9nXJqPOrG2MNPMn01bJ+S0Rw==",
               "dev": true
            }
         }
      },
      "grunt-legacy-log": {
         "version": "0.1.3",
         "resolved": "https://registry.npmjs.org/grunt-legacy-log/-/grunt-legacy-log-0.1.3.tgz",
         "integrity": "sha512-qYs/uM0ImdzwIXLhS4O5WLV5soAM+PEqqHI/hzSxlo450ERSccEhnXqoeDA9ZozOdaWuYnzTOTwRcVRogleMxg==",
         "dev": true,
         "requires": {
            "colors": "~0.6.2",
            "grunt-legacy-log-utils": "~0.1.1",
            "hooker": "~0.2.3",
            "lodash": "~2.4.1",
            "underscore.string": "~2.3.3"
         },
         "dependencies": {
            "lodash": {
               "version": "2.4.2",
               "resolved": "https://registry.npmjs.org/lodash/-/lodash-2.4.2.tgz",
               "integrity": "sha512-Kak1hi6/hYHGVPmdyiZijoQyz5x2iGVzs6w9GYB/HiXEtylY7tIoYEROMjvM1d9nXJqPOrG2MNPMn01bJ+S0Rw==",
               "dev": true
            },
            "underscore.string": {
               "version": "2.3.3",
               "resolved": "https://registry.npmjs.org/underscore.string/-/underscore.string-2.3.3.tgz",
               "integrity": "sha512-hbD5MibthuDAu4yA5wxes5bzFgqd3PpBJuClbRxaNddxfdsz+qf+1kHwrGQFrmchmDHb9iNU+6EHDn8uj0xDJg==",
               "dev": true
            }
         }
      },
      "grunt-legacy-log-utils": {
         "version": "0.1.1",
         "resolved": "https://registry.npmjs.org/grunt-legacy-log-utils/-/grunt-legacy-log-utils-0.1.1.tgz",
         "integrity": "sha512-D0vbUX00TFYCKNZtcZzemMpwT8TR/FdRs1pmfiBw6qnUw80PfsjV+lhIozY/3eJ3PSG2zj89wd2mH/7f4tNAlw==",
         "dev": true,
         "requires": {
            "colors": "~0.6.2",
            "lodash": "~2.4.1",
            "underscore.string": "~2.3.3"
         },
         "dependencies": {
            "lodash": {
               "version": "2.4.2",
               "resolved": "https://registry.npmjs.org/lodash/-/lodash-2.4.2.tgz",
               "integrity": "sha512-Kak1hi6/hYHGVPmdyiZijoQyz5x2iGVzs6w9GYB/HiXEtylY7tIoYEROMjvM1d9nXJqPOrG2MNPMn01bJ+S0Rw==",
               "dev": true
            },
            "underscore.string": {
               "version": "2.3.3",
               "resolved": "https://registry.npmjs.org/underscore.string/-/underscore.string-2.3.3.tgz",
               "integrity": "sha512-hbD5MibthuDAu4yA5wxes5bzFgqd3PpBJuClbRxaNddxfdsz+qf+1kHwrGQFrmchmDHb9iNU+6EHDn8uj0xDJg==",
               "dev": true
            }
         }
      },
      "grunt-legacy-util": {
         "version": "0.2.0",
         "resolved": "https://registry.npmjs.org/grunt-legacy-util/-/grunt-legacy-util-0.2.0.tgz",
         "integrity": "sha512-cXPbfF8aM+pvveQeN1K872D5fRm30xfJWZiS63Y8W8oyIPLClCsmI8bW96Txqzac9cyL4lRqEBhbhJ3n5EzUUQ==",
         "dev": true,
         "requires": {
            "async": "~0.1.22",
            "exit": "~0.1.1",
            "getobject": "~0.1.0",
            "hooker": "~0.2.3",
            "lodash": "~0.9.2",
            "underscore.string": "~2.2.1",
            "which": "~1.0.5"
         }
      },
      "gzip-size": {
         "version": "5.1.1",
         "resolved": "https://registry.npmjs.org/gzip-size/-/gzip-size-5.1.1.tgz",
         "integrity": "sha512-FNHi6mmoHvs1mxZAds4PpdCS6QG8B4C1krxJsMutgxl5t3+GlRTzzI3NEkifXx2pVsOvJdOGSmIgDhQ55FwdPA==",
         "dev": true,
         "requires": {
            "duplexer": "^0.1.1",
            "pify": "^4.0.1"
         }
      },
      "has-flag": {
         "version": "4.0.0",
         "resolved": "https://registry.npmjs.org/has-flag/-/has-flag-4.0.0.tgz",
         "integrity": "sha512-EykJT/Q1KjTWctppgIAgfSO0tKVuZUjhgMr17kqTumMl6Afv3EISleU7qZUzoXDFTAHTDC4NOoG/ZxU3EvlMPQ==",
         "dev": true
      },
      "hooker": {
         "version": "0.2.3",
         "resolved": "https://registry.npmjs.org/hooker/-/hooker-0.2.3.tgz",
         "integrity": "sha512-t+UerCsQviSymAInD01Pw+Dn/usmz1sRO+3Zk1+lx8eg+WKpD2ulcwWqHHL0+aseRBr+3+vIhiG1K1JTwaIcTA==",
         "dev": true
      },
      "iconv-lite": {
         "version": "0.2.11",
         "resolved": "https://registry.npmjs.org/iconv-lite/-/iconv-lite-0.2.11.tgz",
         "integrity": "sha512-KhmFWgaQZY83Cbhi+ADInoUQ8Etn6BG5fikM9syeOjQltvR45h7cRKJ/9uvQEuD61I3Uju77yYce0/LhKVClQw==",
         "dev": true
      },
      "inherits": {
         "version": "2.0.4",
         "resolved": "https://registry.npmjs.org/inherits/-/inherits-2.0.4.tgz",
         "integrity": "sha512-k/vGaX4/Yla3WzyMCvTQOXYeIHvqOKtnqBduzTHpzpQZzAskKMhZ2K+EnBiSM9zGSoIFeMpXKxa4dYeZIQqewQ==",
         "dev": true
      },
      "inline-source-map": {
         "version": "0.6.2",
         "resolved": "https://registry.npmjs.org/inline-source-map/-/inline-source-map-0.6.2.tgz",
         "integrity": "sha512-0mVWSSbNDvedDWIN4wxLsdPM4a7cIPcpyMxj3QZ406QRwQ6ePGB1YIHxVPjqpcUGbWQ5C+nHTwGNWAGvt7ggVA==",
         "dev": true,
         "requires": {
            "source-map": "~0.5.3"
         }
      },
      "isarray": {
         "version": "1.0.0",
         "resolved": "https://registry.npmjs.org/isarray/-/isarray-1.0.0.tgz",
         "integrity": "sha512-VLghIWNM6ELQzo7zwmcg0NmTVyWKYjvIeM83yjp0wRDTmUnrM678fQbcKBo6n2CJEF0szoG//ytg+TKla89ALQ==",
         "dev": true
      },
      "js-yaml": {
         "version": "2.0.5",
         "resolved": "https://registry.npmjs.org/js-yaml/-/js-yaml-2.0.5.tgz",
         "integrity": "sha512-VEKcIksckDBUhg2JS874xVouiPkywVUh4yyUmLCDe1Zg3bCd6M+F1eGPenPeHLc2XC8pp9G8bsuofK0NeEqRkA==",
         "dev": true,
         "requires": {
            "argparse": "~ 0.1.11",
            "esprima": "~ 1.0.2"
         }
      },
      "jsonparse": {
         "version": "1.3.1",
         "resolved": "https://registry.npmjs.org/jsonparse/-/jsonparse-1.3.1.tgz",
         "integrity": "sha512-POQXvpdL69+CluYsillJ7SUhKvytYjW9vG/GKpnf+xP8UWgYEM/RaMzHHofbALDiKbbP1W8UEYmgGl39WkPZsg==",
         "dev": true
      },
      "load-grunt-tasks": {
         "version": "3.5.2",
         "resolved": "https://registry.npmjs.org/load-grunt-tasks/-/load-grunt-tasks-3.5.2.tgz",
         "integrity": "sha512-dwBbJ+Fmf1IrtASRdgT/KJNtczdlm+R3iLSi8KOGdCGl4V05uA055JHtafIXTyk5EJ1zDZbmEHndOQwU6uj8Jw==",
         "dev": true,
         "requires": {
            "arrify": "^1.0.0",
            "multimatch": "^2.0.0",
            "pkg-up": "^1.0.0",
            "resolve-pkg": "^0.1.0"
         },
         "dependencies": {
            "array-differ": {
               "version": "1.0.0",
               "resolved": "https://registry.npmjs.org/array-differ/-/array-differ-1.0.0.tgz",
               "integrity": "sha512-LeZY+DZDRnvP7eMuQ6LHfCzUGxAAIViUBliK24P3hWXL6y4SortgR6Nim6xrkfSLlmH0+k+9NYNwVC2s53ZrYQ==",
               "dev": true
            },
            "array-union": {
               "version": "1.0.2",
               "resolved": "https://registry.npmjs.org/array-union/-/array-union-1.0.2.tgz",
               "integrity": "sha512-Dxr6QJj/RdU/hCaBjOfxW+q6lyuVE6JFWIrAUpuOOhoJJoQ99cUn3igRaHVB5P9WrgFVN0FfArM3x0cueOU8ng==",
               "dev": true,
               "requires": {
                  "array-uniq": "^1.0.1"
               }
            },
            "arrify": {
               "version": "1.0.1",
               "resolved": "https://registry.npmjs.org/arrify/-/arrify-1.0.1.tgz",
               "integrity": "sha512-3CYzex9M9FGQjCGMGyi6/31c8GJbgb0qGyrx5HWxPd0aCwh4cB2YjMb2Xf9UuoogrMrlO9cTqnB5rI5GHZTcUA==",
               "dev": true
            },
            "find-up": {
               "version": "1.1.2",
               "resolved": "https://registry.npmjs.org/find-up/-/find-up-1.1.2.tgz",
               "integrity": "sha512-jvElSjyuo4EMQGoTwo1uJU5pQMwTW5lS1x05zzfJuTIyLR3zwO27LYrxNg+dlvKpGOuGy/MzBdXh80g0ve5+HA==",
               "dev": true,
               "requires": {
                  "path-exists": "^2.0.0",
                  "pinkie-promise": "^2.0.0"
               }
            },
            "minimatch": {
               "version": "3.1.2",
               "resolved": "https://registry.npmjs.org/minimatch/-/minimatch-3.1.2.tgz",
               "integrity": "sha512-J7p63hRiAjw1NDEww1W7i37+ByIrOWO5XQQAzZ3VOcL0PNybwpfmV/N05zFAzwQ9USyEcX6t3UO+K5aqBQOIHw==",
               "dev": true,
               "requires": {
                  "brace-expansion": "^1.1.7"
               }
            },
            "multimatch": {
               "version": "2.1.0",
               "resolved": "https://registry.npmjs.org/multimatch/-/multimatch-2.1.0.tgz",
               "integrity": "sha512-0mzK8ymiWdehTBiJh0vClAzGyQbdtyWqzSVx//EK4N/D+599RFlGfTAsKw2zMSABtDG9C6Ul2+t8f2Lbdjf5mA==",
               "dev": true,
               "requires": {
                  "array-differ": "^1.0.0",
                  "array-union": "^1.0.1",
                  "arrify": "^1.0.0",
                  "minimatch": "^3.0.0"
               }
            },
            "path-exists": {
               "version": "2.1.0",
               "resolved": "https://registry.npmjs.org/path-exists/-/path-exists-2.1.0.tgz",
               "integrity": "sha512-yTltuKuhtNeFJKa1PiRzfLAU5182q1y4Eb4XCJ3PBqyzEDkAZRzBrKKBct682ls9reBVHf9udYLN5Nd+K1B9BQ==",
               "dev": true,
               "requires": {
                  "pinkie-promise": "^2.0.0"
               }
            },
            "pkg-up": {
               "version": "1.0.0",
               "resolved": "https://registry.npmjs.org/pkg-up/-/pkg-up-1.0.0.tgz",
               "integrity": "sha512-L+d849d9lz20hnRpUnWBRXOh+mAvygQpK7UuXiw+6QbPwL55RVgl+G+V936wCzs/6J7fj0pvgLY9OknZ+FqaNA==",
               "dev": true,
               "requires": {
                  "find-up": "^1.0.0"
               }
            },
            "resolve-from": {
               "version": "2.0.0",
               "resolved": "https://registry.npmjs.org/resolve-from/-/resolve-from-2.0.0.tgz",
               "integrity": "sha512-qpFcKaXsq8+oRoLilkwyc7zHGF5i9Q2/25NIgLQQ/+VVv9rU4qvr6nXVAw1DsnXJyQkZsR4Ytfbtg5ehfcUssQ==",
               "dev": true
            },
            "resolve-pkg": {
               "version": "0.1.0",
               "resolved": "https://registry.npmjs.org/resolve-pkg/-/resolve-pkg-0.1.0.tgz",
               "integrity": "sha512-x11rPP22t6W9p+eSOhDeT6whjFGmsZQf76rDq5gtbgh9UdBxZeR1PuW6sYkCyN/IrD2hpJ0yYn0hE1toHAadEw==",
               "dev": true,
               "requires": {
                  "resolve-from": "^2.0.0"
               }
            }
         }
      },
      "lodash": {
         "version": "0.9.2",
         "resolved": "https://registry.npmjs.org/lodash/-/lodash-0.9.2.tgz",
         "integrity": "sha512-LVbt/rjK62gSbhehDVKL0vlaime4Y1IBixL+bKeNfoY4L2zab/jGrxU6Ka05tMA/zBxkTk5t3ivtphdyYupczw==",
         "dev": true
      },
      "lodash.memoize": {
         "version": "3.0.4",
         "resolved": "https://registry.npmjs.org/lodash.memoize/-/lodash.memoize-3.0.4.tgz",
         "integrity": "sha512-eDn9kqrAmVUC1wmZvlQ6Uhde44n+tXpqPrN8olQJbttgh0oKclk+SF54P47VEGE9CEiMeRwAP8BaM7UHvBkz2A==",
         "dev": true
      },
      "lru-cache": {
         "version": "2.7.3",
         "resolved": "https://registry.npmjs.org/lru-cache/-/lru-cache-2.7.3.tgz",
         "integrity": "sha512-WpibWJ60c3AgAz8a2iYErDrcT2C7OmKnsWhIcHOjkUHFjkXncJhtLxNSqUmxRxRunpb5I8Vprd7aNSd2NtksJQ==",
         "dev": true
      },
      "maxmin": {
         "version": "3.0.0",
         "resolved": "https://registry.npmjs.org/maxmin/-/maxmin-3.0.0.tgz",
         "integrity": "sha512-wcahMInmGtg/7c6a75fr21Ch/Ks1Tb+Jtoan5Ft4bAI0ZvJqyOw8kkM7e7p8hDSzY805vmxwHT50KcjGwKyJ0g==",
         "dev": true,
         "requires": {
            "chalk": "^4.1.0",
            "figures": "^3.2.0",
            "gzip-size": "^5.1.1",
            "pretty-bytes": "^5.3.0"
         }
      },
      "minimatch": {
         "version": "0.2.14",
         "resolved": "https://registry.npmjs.org/minimatch/-/minimatch-0.2.14.tgz",
         "integrity": "sha512-zZ+Jy8lVWlvqqeM8iZB7w7KmQkoJn8djM585z88rywrEbzoqawVa9FR5p2hwD+y74nfuKOjmNvi9gtWJNLqHvA==",
         "dev": true,
         "requires": {
            "lru-cache": "2",
            "sigmund": "~1.0.0"
         }
      },
      "minimist": {
         "version": "1.2.8",
         "resolved": "https://registry.npmjs.org/minimist/-/minimist-1.2.8.tgz",
         "integrity": "sha512-2yyAR8qBkN3YuheJanUpWC5U3bb5osDywNB8RzDVlDwDHbocAJveqqj1u8+SVD7jkWT4yvsHCpWqqWqAxb0zCA==",
         "dev": true
      },
      "nopt": {
         "version": "1.0.10",
         "resolved": "https://registry.npmjs.org/nopt/-/nopt-1.0.10.tgz",
         "integrity": "sha512-NWmpvLSqUrgrAC9HCuxEvb+PSloHpqVu+FqcO4eeF2h5qYRhA7ev6KvelyQAKtegUbC6RypJnlEOhd8vloNKYg==",
         "dev": true,
         "requires": {
            "abbrev": "1"
         }
      },
      "noptify": {
         "version": "0.0.3",
         "resolved": "https://registry.npmjs.org/noptify/-/noptify-0.0.3.tgz",
         "integrity": "sha512-EZT35r9AuK+hig+iYv4144kwfDEDhlj3zncVHw9b9d86TUYk/67BtBApkfPD1kslAT/8TTD262xdsVbV+iCSTw==",
         "dev": true,
         "requires": {
            "nopt": "~2.0.0"
         },
         "dependencies": {
            "nopt": {
               "version": "2.0.0",
               "resolved": "https://registry.npmjs.org/nopt/-/nopt-2.0.0.tgz",
               "integrity": "sha512-uVTsuT8Hm3aN3VttY+BPKw4KU9lVpI0F22UAr/I1r6+kugMr3oyhMALkycikLcdfvGRsgzCYN48DYLBFcJEUVg==",
               "dev": true,
               "requires": {
                  "abbrev": "1"
               }
            }
         }
      },
      "pify": {
         "version": "4.0.1",
         "resolved": "https://registry.npmjs.org/pify/-/pify-4.0.1.tgz",
         "integrity": "sha512-uB80kBFb/tfd68bVleG9T5GGsGPjJrLAUpR5PZIrhBnIaRTQRjqdJSsIKkOP6OAIFbj7GOrcudc5pNjZ+geV2g==",
         "dev": true
      },
      "pinkie": {
         "version": "2.0.4",
         "resolved": "https://registry.npmjs.org/pinkie/-/pinkie-2.0.4.tgz",
         "integrity": "sha512-MnUuEycAemtSaeFSjXKW/aroV7akBbY+Sv+RkyqFjgAe73F+MR0TBWKBRDkmfWq/HiFmdavfZ1G7h4SPZXaCSg==",
         "dev": true
      },
      "pinkie-promise": {
         "version": "2.0.1",
         "resolved": "https://registry.npmjs.org/pinkie-promise/-/pinkie-promise-2.0.1.tgz",
         "integrity": "sha512-0Gni6D4UcLTbv9c57DfxDGdr41XfgUjqWZu492f0cIGr16zDU06BWP/RAEvOuo7CQ0CNjHaLlM59YJJFm3NWlw==",
         "dev": true,
         "requires": {
            "pinkie": "^2.0.0"
         }
      },
      "pretty-bytes": {
         "version": "5.6.0",
         "resolved": "https://registry.npmjs.org/pretty-bytes/-/pretty-bytes-5.6.0.tgz",
         "integrity": "sha512-FFw039TmrBqFK8ma/7OL3sDz/VytdtJr044/QUJtH0wK9lb9jLq9tJyIxUwtQJHwar2BqtiA4iCWSwo9JLkzFg==",
         "dev": true
      },
      "process-nextick-args": {
         "version": "2.0.1",
         "resolved": "https://registry.npmjs.org/process-nextick-args/-/process-nextick-args-2.0.1.tgz",
         "integrity": "sha512-3ouUOpQhtgrbOa17J7+uxOTpITYWaGP7/AhoR3+A+/1e9skrzelGi/dXzEYyvbxubEF6Wn2ypscTKiKJFFn1ag==",
         "dev": true
      },
      "qs": {
         "version": "0.5.6",
         "resolved": "https://registry.npmjs.org/qs/-/qs-0.5.6.tgz",
         "integrity": "sha512-KbOrQrP5Ye+0gmq+hwxoJwAFRwExACWqwxj1IDFFgqOw9Poxy3wwSbafd9ZqP6T6ykMfnxM573kt/a4i9ybatQ==",
         "dev": true
      },
      "readable-stream": {
         "version": "2.3.8",
         "resolved": "https://registry.npmjs.org/readable-stream/-/readable-stream-2.3.8.tgz",
         "integrity": "sha512-8p0AUk4XODgIewSi0l8Epjs+EVnWiK7NoDIEGU0HhE7+ZyY8D1IMY7odu5lRrFXGg71L15KG8QrPmum45RTtdA==",
         "dev": true,
         "requires": {
            "core-util-is": "~1.0.0",
            "inherits": "~2.0.3",
            "isarray": "~1.0.0",
            "process-nextick-args": "~2.0.0",
            "safe-buffer": "~5.1.1",
            "string_decoder": "~1.1.1",
            "util-deprecate": "~1.0.1"
         },
         "dependencies": {
            "safe-buffer": {
               "version": "5.1.2",
               "resolved": "https://registry.npmjs.org/safe-buffer/-/safe-buffer-5.1.2.tgz",
               "integrity": "sha512-Gd2UZBJDkXlY7GbJxfsE8/nvKkUEU1G38c1siN6QP6a9PT9MmHB8GnpscSmMJSoF8LOIrt8ud/wPtojys4G6+g==",
               "dev": true
            }
         }
      },
      "rimraf": {
         "version": "2.2.8",
         "resolved": "https://registry.npmjs.org/rimraf/-/rimraf-2.2.8.tgz",
         "integrity": "sha512-R5KMKHnPAQaZMqLOsyuyUmcIjSeDm+73eoqQpaXA7AZ22BL+6C+1mcUscgOsNd8WVlJuvlgAPsegcx7pjlV0Dg==",
         "dev": true
      },
      "safe-buffer": {
         "version": "5.2.1",
         "resolved": "https://registry.npmjs.org/safe-buffer/-/safe-buffer-5.2.1.tgz",
         "integrity": "sha512-rp3So07KcdmmKbGvgaNxQSJr7bGVSVk5S9Eq1F+ppbRo70+YeaDxkw5Dd8NPN+GD6bjnYm2VuPuCXmpuYvmCXQ==",
         "dev": true
      },
      "sigmund": {
         "version": "1.0.1",
         "resolved": "https://registry.npmjs.org/sigmund/-/sigmund-1.0.1.tgz",
         "integrity": "sha512-fCvEXfh6NWpm+YSuY2bpXb/VIihqWA6hLsgboC+0nl71Q7N7o2eaCW8mJa/NLvQhs6jpd3VZV4UiUQlV6+lc8g==",
         "dev": true
      },
      "source-map": {
         "version": "0.5.7",
         "resolved": "https://registry.npmjs.org/source-map/-/source-map-0.5.7.tgz",
         "integrity": "sha512-LbrmJOMUSdEVxIKvdcJzQC+nQhe8FUZQTXQy6+I75skNgn3OoQ0DZA8YnFa7gp8tqtL3KPf1kmo0R5DoApeSGQ==",
         "dev": true
      },
      "string_decoder": {
         "version": "1.1.1",
         "resolved": "https://registry.npmjs.org/string_decoder/-/string_decoder-1.1.1.tgz",
         "integrity": "sha512-n/ShnvDi6FHbbVfviro+WojiFzv+s8MPMHBczVePfUpDJLwoLT0ht1l4YwBCbi8pJAveEEdnkHyPyTP/mzRfwg==",
         "dev": true,
         "requires": {
            "safe-buffer": "~5.1.0"
         },
         "dependencies": {
            "safe-buffer": {
               "version": "5.1.2",
               "resolved": "https://registry.npmjs.org/safe-buffer/-/safe-buffer-5.1.2.tgz",
               "integrity": "sha512-Gd2UZBJDkXlY7GbJxfsE8/nvKkUEU1G38c1siN6QP6a9PT9MmHB8GnpscSmMJSoF8LOIrt8ud/wPtojys4G6+g==",
               "dev": true
            }
         }
      },
      "supports-color": {
         "version": "7.2.0",
         "resolved": "https://registry.npmjs.org/supports-color/-/supports-color-7.2.0.tgz",
         "integrity": "sha512-qpCAvRl9stuOHveKsn7HncJRvv501qIacKzQlO/+Lwxc9+0q2wLyv4Dfvt80/DPn2pqOBsJdDiogXGR9+OvwRw==",
         "dev": true,
         "requires": {
            "has-flag": "^4.0.0"
         }
      },
      "through": {
         "version": "2.3.8",
         "resolved": "https://registry.npmjs.org/through/-/through-2.3.8.tgz",
         "integrity": "sha512-w89qg7PI8wAdvX60bMDP+bFoD5Dvhm9oLheFp5O4a2QF0cSBGsBX4qZmadPMvVqlLJBBci+WqGGOAPvcDeNSVg==",
         "dev": true
      },
      "through2": {
         "version": "2.0.5",
         "resolved": "https://registry.npmjs.org/through2/-/through2-2.0.5.tgz",
         "integrity": "sha512-/mrRod8xqpA+IHSLyGCQ2s8SPHiCDEeQJSep1jqLYeEUClOFG2Qsh+4FU6G9VeqpZnGW/Su8LQGc4YKni5rYSQ==",
         "dev": true,
         "requires": {
            "readable-stream": "~2.3.6",
            "xtend": "~4.0.1"
         }
      },
      "tiny-lr-fork": {
         "version": "0.0.5",
         "resolved": "https://registry.npmjs.org/tiny-lr-fork/-/tiny-lr-fork-0.0.5.tgz",
         "integrity": "sha512-vhcvny/8f46rrViKV0BOUjVl4c/rDTztnT1+kT7iyD/Igqb/uyiRsKLxMc2Z8CNvTE1Px1tuNrPM+BOUL+3vlQ==",
         "dev": true,
         "requires": {
            "debug": "~0.7.0",
            "faye-websocket": "~0.4.3",
            "noptify": "~0.0.3",
            "qs": "~0.5.2"
         }
      },
      "typedarray": {
         "version": "0.0.6",
         "resolved": "https://registry.npmjs.org/typedarray/-/typedarray-0.0.6.tgz",
         "integrity": "sha512-/aCDEGatGvZ2BIk+HmLf4ifCJFwvKFNb9/JeZPMulfgFracn9QFcAf5GO8B/mweUjSoblS5In0cWhqpfs/5PQA==",
         "dev": true
      },
      "uglify-js": {
         "version": "3.17.4",
         "resolved": "https://registry.npmjs.org/uglify-js/-/uglify-js-3.17.4.tgz",
         "integrity": "sha512-T9q82TJI9e/C1TAxYvfb16xO120tMVFZrGA3f9/P4424DNu6ypK103y0GPFVa17yotwSyZW5iYXgjYHkGrJW/g==",
         "dev": true
      },
      "umd": {
         "version": "3.0.3",
         "resolved": "https://registry.npmjs.org/umd/-/umd-3.0.3.tgz",
         "integrity": "sha512-4IcGSufhFshvLNcMCV80UnQVlZ5pMOC8mvNPForqwA4+lzYQuetTESLDQkeLmihq8bRcnpbQa48Wb8Lh16/xow==",
         "dev": true
      },
      "underscore": {
         "version": "1.7.0",
         "resolved": "https://registry.npmjs.org/underscore/-/underscore-1.7.0.tgz",
         "integrity": "sha512-cp0oQQyZhUM1kpJDLdGO1jPZHgS/MpzoWYfe9+CM2h/QGDZlqwT2T3YGukuBdaNJ/CAPoeyAZRRHz8JFo176vA==",
         "dev": true
      },
      "underscore.string": {
         "version": "2.2.1",
         "resolved": "https://registry.npmjs.org/underscore.string/-/underscore.string-2.2.1.tgz",
         "integrity": "sha512-3FVmhXqelrj6gfgp3Bn6tOavJvW0dNH2T+heTD38JRxIrAbiuzbqjknszoOYj3DyFB1nWiLj208Qt2no/L4cIA==",
         "dev": true
      },
      "uri-path": {
         "version": "1.0.0",
         "resolved": "https://registry.npmjs.org/uri-path/-/uri-path-1.0.0.tgz",
         "integrity": "sha512-8pMuAn4KacYdGMkFaoQARicp4HSw24/DHOVKWqVRJ8LhhAwPPFpdGvdL9184JVmUwe7vz7Z9n6IqI6t5n2ELdg==",
         "dev": true
      },
      "util-deprecate": {
         "version": "1.0.2",
         "resolved": "https://registry.npmjs.org/util-deprecate/-/util-deprecate-1.0.2.tgz",
         "integrity": "sha512-EPD5q1uXyFxJpCrLnCc1nHnq3gOa6DZBocAIiI2TaSCA7VCJ1UJDMagCzIkXNsUYfD1daK//LTEQ8xiIbrHtcw==",
         "dev": true
      },
      "which": {
         "version": "1.0.9",
         "resolved": "https://registry.npmjs.org/which/-/which-1.0.9.tgz",
         "integrity": "sha512-E87fdQ/eRJr9W1X4wTPejNy9zTW3FI2vpCZSJ/HAY+TkjKVC0TUm1jk6vn2Z7qay0DQy0+RBGdXxj+RmmiGZKQ==",
         "dev": true
      },
      "xtend": {
         "version": "4.0.2",
         "resolved": "https://registry.npmjs.org/xtend/-/xtend-4.0.2.tgz",
         "integrity": "sha512-LKYU1iAXJXUgAXn9URjiu+MWhyUXHsvfp7mcuYm9dSUKK0/CjtrUwFAxD82/mCWbtLsGjFIad0wIsod4zrTAEQ==",
         "dev": true
      }
   }
}
